Microsoft Visual Studio Solution File, Format Version 12.00
# Visual Studio Version 17
VisualStudioVersion = 17.5.2.0
MinimumVisualStudioVersion = 10.0.40219.1
Project("{FAE04EC0-301F-11D3-BF4B-00C04F79EFBC}") = "suggester", "suggester.csproj", "{16070EB6-E87C-7639-6870-DF2EAE9BFE1B}"
EndProject
Global
	GlobalSection(SolutionConfigurationPlatforms) = preSolution
		Debug|Any CPU = Debug|Any CPU
		Release|Any CPU = Release|Any CPU
	EndGlobalSection
	GlobalSection(ProjectConfigurationPlatforms) = postSolution
		{16070EB6-E87C-7639-6870-DF2EAE9BFE1B}.Debug|Any CPU.ActiveCfg = Debug|Any CPU
		{16070EB6-E87C-7639-6870-DF2EAE9BFE1B}.Debug|Any CPU.Build.0 = Debug|Any CPU
		{16070EB6-E87C-7639-6870-DF2EAE9BFE1B}.Release|Any CPU.ActiveCfg = Release|Any CPU
		{16070EB6-E87C-7639-6870-DF2EAE9BFE1B}.Release|Any CPU.Build.0 = Release|Any CPU
	EndGlobalSection
	GlobalSection(SolutionProperties) = preSolution
		HideSolutionNode = FALSE
	EndGlobalSection
	GlobalSection(ExtensibilityGlobals) = postSolution
		SolutionGuid = {797770E9-56D4-4E37-A60D-601EBA1919ED}
	EndGlobalSection
EndGlobal
